
Microsoft Visual Studio Solution File, Format Version 12.00
# Visual Studio Version 16
VisualStudioVersion = 16.0.29009.5
MinimumVisualStudioVersion = 10.0.40219.1
Project("{9A19103F-16F7-4668-BE54-9A1E7A4F7556}") = "Centaurus.Domain", "Centaurus.Domain\Centaurus.Domain.csproj", "{CF1A091E-8818-4C46-B806-819C0A70D2D9}"
EndProject
Project("{9A19103F-16F7-4668-BE54-9A1E7A4F7556}") = "Centaurus.Common", "Centaurus.Common\Centaurus.Common.csproj", "{15ECC1EE-A850-4939-BCDD-9F37ED548856}"
EndProject
Project("{9A19103F-16F7-4668-BE54-9A1E7A4F7556}") = "Centaurus.Models", "Centaurus.Models\Centaurus.Models.csproj", "{DF8642AE-71B9-4600-9258-39BAC9365F5B}"
EndProject
Project("{9A19103F-16F7-4668-BE54-9A1E7A4F7556}") = "Centaurus.Test.Domain", "Centaurus.Test.Domain\Centaurus.Test.Domain.csproj", "{6801D81E-683C-450F-8EB8-00F216A419ED}"
EndProject
Project("{9A19103F-16F7-4668-BE54-9A1E7A4F7556}") = "Centaurus.Test.Integration", "Centaurus.Test.Integration\Centaurus.Test.Integration.csproj", "{50877E96-277B-45C8-8FEF-EC8AE95ED2D7}"
EndProject
Project("{2150E333-8FDC-42A3-9474-1A3956D46DE8}") = "Tests", "Tests", "{E7AE6334-8F96-4FD7-B7CE-DEE954AA4445}"
EndProject
Project("{9A19103F-16F7-4668-BE54-9A1E7A4F7556}") = "Centaurus.Test.Utils", "Centaurus.Test.Utils\Centaurus.Test.Utils.csproj", "{9AAF521F-06D4-4E93-8C64-C4872FDC4BD9}"
EndProject
Project("{9A19103F-16F7-4668-BE54-9A1E7A4F7556}") = "Centaurus.Test.Common", "Centaurus.Test.Common\Centaurus.Test.Common.csproj", "{42D637FA-6868-48BC-8101-814DAFFFED69}"
EndProject
Project("{9A19103F-16F7-4668-BE54-9A1E7A4F7556}") = "Centaurus.Test.XdrSerialization", "Centaurus.Test.XdrSerialization\Centaurus.Test.XdrSerialization.csproj", "{B47246E7-516D-4F9A-9BEA-C6C375896149}"
EndProject
Project("{9A19103F-16F7-4668-BE54-9A1E7A4F7556}") = "Centaurus.Xdr", "Centaurus.Xdr\Centaurus.Xdr.csproj", "{4B04C9FD-55A6-4A6D-BEF9-97BCA068127B}"
EndProject
Project("{9A19103F-16F7-4668-BE54-9A1E7A4F7556}") = "Centaurus.Xdr.ContractGenerator", "Centaurus.Xdr.ContractGenerator\Centaurus.Xdr.ContractGenerator.csproj", "{23E8A167-3FC6-401D-870A-44FF234B251C}"
EndProject
Project("{9A19103F-16F7-4668-BE54-9A1E7A4F7556}") = "Centaurus.Test.Xdr.ContractGenerator", "Centaurus.Test.Xdr.ContractGenerator\Centaurus.Test.Xdr.ContractGenerator.csproj", "{81C741D7-2931-4AC6-BD94-38D8E214258B}"
EndProject
Project("{9A19103F-16F7-4668-BE54-9A1E7A4F7556}") = "Centaurus.DynamicSerializers", "Centaurus.DynamicSerializers\Centaurus.DynamicSerializers.csproj", "{148326BF-1439-4863-8F2A-3B72D5F56485}"
EndProject
Project("{9A19103F-16F7-4668-BE54-9A1E7A4F7556}") = "Centaurus.Test.DynamicSerializers", "Centaurus.Test.DynamicSerializers\Centaurus.Test.DynamicSerializers.csproj", "{60177E3D-1970-40A2-8779-28F246F51955}"
EndProject
Project("{9A19103F-16F7-4668-BE54-9A1E7A4F7556}") = "Centaurus.Test.Contracts", "Centaurus.Test.Contracts\Centaurus.Test.Contracts.csproj", "{296B43F1-D12D-4D39-8A06-F6929B68D6F3}"
EndProject
Project("{9A19103F-16F7-4668-BE54-9A1E7A4F7556}") = "Centaurus", "Centaurus\Centaurus.csproj", "{82CA2CAC-E6BE-403A-9CD9-3CEDB41F853B}"
EndProject
Project("{9A19103F-16F7-4668-BE54-9A1E7A4F7556}") = "Centaurus.Models.Extensions", "Centaurus.Models.Extensions\Centaurus.Models.Extensions.csproj", "{98F0F17B-B5EF-4C3F-9A58-9C10F5079264}"
EndProject
Project("{9A19103F-16F7-4668-BE54-9A1E7A4F7556}") = "Centaurus.Exchange.Analytics", "Centaurus.Exchange.Analytics\Centaurus.Exchange.Analytics.csproj", "{80D0144F-0B3E-413D-A5FE-7EB849513C9F}"
EndProject
Project("{9A19103F-16F7-4668-BE54-9A1E7A4F7556}") = "Centaurus.Test.Exchange.Analytics", "Centaurus.Test.Exchange.Analytics\Centaurus.Test.Exchange.Analytics.csproj", "{5A142170-1C8E-486C-8E18-C0C64ACF5A2D}"
EndProject
Project("{2150E333-8FDC-42A3-9474-1A3956D46DE8}") = "SDK", "SDK", "{E5CBE171-375A-4F49-B337-D5528A1D9672}"
EndProject
Project("{2150E333-8FDC-42A3-9474-1A3956D46DE8}") = "PaymentProviders", "PaymentProviders", "{E3C81D24-CEF0-432E-908B-E1E4ABCDAB20}"
EndProject
Project("{9A19103F-16F7-4668-BE54-9A1E7A4F7556}") = "Centaurus.PaymentProvider", "Centaurus.PaymentProvider\Centaurus.PaymentProvider.csproj", "{82BC39CE-0F9A-4262-9E8E-09B8A0F88858}"
EndProject
Project("{9A19103F-16F7-4668-BE54-9A1E7A4F7556}") = "Centaurus.Domain.Models", "Centaurus.Domain.Models\Centaurus.Domain.Models.csproj", "{5C2D93DE-2782-472A-9A27-2D4375E2EAAD}"
EndProject
Project("{9A19103F-16F7-4668-BE54-9A1E7A4F7556}") = "Centaurus.PersistentStorage", "Centaurus.PersistentStorage\Centaurus.PersistentStorage.csproj", "{51B1822E-9910-4364-B8D0-79285245A21B}"
EndProject
Project("{9A19103F-16F7-4668-BE54-9A1E7A4F7556}") = "Centaurus.PersistentStorage.Abstraction", "Centaurus.PersistentStorage.Abstraction\Centaurus.PersistentStorage.Abstraction.csproj", "{EF909AED-7F0C-432D-8C10-48AC516ED1F9}"
EndProject
Project("{9A19103F-16F7-4668-BE54-9A1E7A4F7556}") = "Centaurus.PersistentStorage.Test", "Centaurus.PersistentStorage.Test\Centaurus.PersistentStorage.Test.csproj", "{C42A314B-A5CB-4ABC-A752-1836D1345E9C}"
EndProject
Project("{9A19103F-16F7-4668-BE54-9A1E7A4F7556}") = "Centaurus.Stellar.PaymentProvider", "Centaurus.Stellar.PaymentProvider\Centaurus.Stellar.PaymentProvider.csproj", "{6D29C374-2922-4E95-B81E-A4E194DEB9FB}"
EndProject
Project("{9A19103F-16F7-4668-BE54-9A1E7A4F7556}") = "Centaurus.NetSDK", "Centaurus.NetSDK\Centaurus.NetSDK.csproj", "{43EC18BD-1702-44EB-8CAF-89D51AAC31DD}"
EndProject
Global
	GlobalSection(SolutionConfigurationPlatforms) = preSolution
		Debug|Any CPU = Debug|Any CPU
		Release|Any CPU = Release|Any CPU
	EndGlobalSection
	GlobalSection(ProjectConfigurationPlatforms) = postSolution
		{CF1A091E-8818-4C46-B806-819C0A70D2D9}.Debug|Any CPU.ActiveCfg = Debug|Any CPU
		{CF1A091E-8818-4C46-B806-819C0A70D2D9}.Debug|Any CPU.Build.0 = Debug|Any CPU
		{CF1A091E-8818-4C46-B806-819C0A70D2D9}.Release|Any CPU.ActiveCfg = Release|Any CPU
		{CF1A091E-8818-4C46-B806-819C0A70D2D9}.Release|Any CPU.Build.0 = Release|Any CPU
		{15ECC1EE-A850-4939-BCDD-9F37ED548856}.Debug|Any CPU.ActiveCfg = Debug|Any CPU
		{15ECC1EE-A850-4939-BCDD-9F37ED548856}.Debug|Any CPU.Build.0 = Debug|Any CPU
		{15ECC1EE-A850-4939-BCDD-9F37ED548856}.Release|Any CPU.ActiveCfg = Release|Any CPU
		{15ECC1EE-A850-4939-BCDD-9F37ED548856}.Release|Any CPU.Build.0 = Release|Any CPU
		{DF8642AE-71B9-4600-9258-39BAC9365F5B}.Debug|Any CPU.ActiveCfg = Debug|Any CPU
		{DF8642AE-71B9-4600-9258-39BAC9365F5B}.Debug|Any CPU.Build.0 = Debug|Any CPU
		{DF8642AE-71B9-4600-9258-39BAC9365F5B}.Release|Any CPU.ActiveCfg = Release|Any CPU
		{DF8642AE-71B9-4600-9258-39BAC9365F5B}.Release|Any CPU.Build.0 = Release|Any CPU
		{6801D81E-683C-450F-8EB8-00F216A419ED}.Debug|Any CPU.ActiveCfg = Debug|Any CPU
		{6801D81E-683C-450F-8EB8-00F216A419ED}.Debug|Any CPU.Build.0 = Debug|Any CPU
		{6801D81E-683C-450F-8EB8-00F216A419ED}.Release|Any CPU.ActiveCfg = Release|Any CPU
		{6801D81E-683C-450F-8EB8-00F216A419ED}.Release|Any CPU.Build.0 = Release|Any CPU
		{50877E96-277B-45C8-8FEF-EC8AE95ED2D7}.Debug|Any CPU.ActiveCfg = Debug|Any CPU
		{50877E96-277B-45C8-8FEF-EC8AE95ED2D7}.Debug|Any CPU.Build.0 = Debug|Any CPU
		{50877E96-277B-45C8-8FEF-EC8AE95ED2D7}.Release|Any CPU.ActiveCfg = Release|Any CPU
		{50877E96-277B-45C8-8FEF-EC8AE95ED2D7}.Release|Any CPU.Build.0 = Release|Any CPU
		{9AAF521F-06D4-4E93-8C64-C4872FDC4BD9}.Debug|Any CPU.ActiveCfg = Debug|Any CPU
		{9AAF521F-06D4-4E93-8C64-C4872FDC4BD9}.Debug|Any CPU.Build.0 = Debug|Any CPU
		{9AAF521F-06D4-4E93-8C64-C4872FDC4BD9}.Release|Any CPU.ActiveCfg = Release|Any CPU
		{9AAF521F-06D4-4E93-8C64-C4872FDC4BD9}.Release|Any CPU.Build.0 = Release|Any CPU
		{42D637FA-6868-48BC-8101-814DAFFFED69}.Debug|Any CPU.ActiveCfg = Debug|Any CPU
		{42D637FA-6868-48BC-8101-814DAFFFED69}.Debug|Any CPU.Build.0 = Debug|Any CPU
		{42D637FA-6868-48BC-8101-814DAFFFED69}.Release|Any CPU.ActiveCfg = Release|Any CPU
		{42D637FA-6868-48BC-8101-814DAFFFED69}.Release|Any CPU.Build.0 = Release|Any CPU
		{B47246E7-516D-4F9A-9BEA-C6C375896149}.Debug|Any CPU.ActiveCfg = Debug|Any CPU
		{B47246E7-516D-4F9A-9BEA-C6C375896149}.Debug|Any CPU.Build.0 = Debug|Any CPU
		{B47246E7-516D-4F9A-9BEA-C6C375896149}.Release|Any CPU.ActiveCfg = Release|Any CPU
		{B47246E7-516D-4F9A-9BEA-C6C375896149}.Release|Any CPU.Build.0 = Release|Any CPU
		{4B04C9FD-55A6-4A6D-BEF9-97BCA068127B}.Debug|Any CPU.ActiveCfg = Debug|Any CPU
		{4B04C9FD-55A6-4A6D-BEF9-97BCA068127B}.Debug|Any CPU.Build.0 = Debug|Any CPU
		{4B04C9FD-55A6-4A6D-BEF9-97BCA068127B}.Release|Any CPU.ActiveCfg = Release|Any CPU
		{4B04C9FD-55A6-4A6D-BEF9-97BCA068127B}.Release|Any CPU.Build.0 = Release|Any CPU
		{23E8A167-3FC6-401D-870A-44FF234B251C}.Debug|Any CPU.ActiveCfg = Debug|Any CPU
		{23E8A167-3FC6-401D-870A-44FF234B251C}.Debug|Any CPU.Build.0 = Debug|Any CPU
		{23E8A167-3FC6-401D-870A-44FF234B251C}.Release|Any CPU.ActiveCfg = Release|Any CPU
		{23E8A167-3FC6-401D-870A-44FF234B251C}.Release|Any CPU.Build.0 = Release|Any CPU
		{81C741D7-2931-4AC6-BD94-38D8E214258B}.Debug|Any CPU.ActiveCfg = Debug|Any CPU
		{81C741D7-2931-4AC6-BD94-38D8E214258B}.Debug|Any CPU.Build.0 = Debug|Any CPU
		{81C741D7-2931-4AC6-BD94-38D8E214258B}.Release|Any CPU.ActiveCfg = Release|Any CPU
		{81C741D7-2931-4AC6-BD94-38D8E214258B}.Release|Any CPU.Build.0 = Release|Any CPU
		{148326BF-1439-4863-8F2A-3B72D5F56485}.Debug|Any CPU.ActiveCfg = Debug|Any CPU
		{148326BF-1439-4863-8F2A-3B72D5F56485}.Debug|Any CPU.Build.0 = Debug|Any CPU
		{148326BF-1439-4863-8F2A-3B72D5F56485}.Release|Any CPU.ActiveCfg = Release|Any CPU
		{148326BF-1439-4863-8F2A-3B72D5F56485}.Release|Any CPU.Build.0 = Release|Any CPU
		{60177E3D-1970-40A2-8779-28F246F51955}.Debug|Any CPU.ActiveCfg = Debug|Any CPU
		{60177E3D-1970-40A2-8779-28F246F51955}.Debug|Any CPU.Build.0 = Debug|Any CPU
		{60177E3D-1970-40A2-8779-28F246F51955}.Release|Any CPU.ActiveCfg = Release|Any CPU
		{60177E3D-1970-40A2-8779-28F246F51955}.Release|Any CPU.Build.0 = Release|Any CPU
		{296B43F1-D12D-4D39-8A06-F6929B68D6F3}.Debug|Any CPU.ActiveCfg = Debug|Any CPU
		{296B43F1-D12D-4D39-8A06-F6929B68D6F3}.Debug|Any CPU.Build.0 = Debug|Any CPU
		{296B43F1-D12D-4D39-8A06-F6929B68D6F3}.Release|Any CPU.ActiveCfg = Release|Any CPU
		{296B43F1-D12D-4D39-8A06-F6929B68D6F3}.Release|Any CPU.Build.0 = Release|Any CPU
		{82CA2CAC-E6BE-403A-9CD9-3CEDB41F853B}.Debug|Any CPU.ActiveCfg = Debug|Any CPU
		{82CA2CAC-E6BE-403A-9CD9-3CEDB41F853B}.Debug|Any CPU.Build.0 = Debug|Any CPU
		{82CA2CAC-E6BE-403A-9CD9-3CEDB41F853B}.Release|Any CPU.ActiveCfg = Release|Any CPU
		{82CA2CAC-E6BE-403A-9CD9-3CEDB41F853B}.Release|Any CPU.Build.0 = Release|Any CPU
		{98F0F17B-B5EF-4C3F-9A58-9C10F5079264}.Debug|Any CPU.ActiveCfg = Debug|Any CPU
		{98F0F17B-B5EF-4C3F-9A58-9C10F5079264}.Debug|Any CPU.Build.0 = Debug|Any CPU
		{98F0F17B-B5EF-4C3F-9A58-9C10F5079264}.Release|Any CPU.ActiveCfg = Release|Any CPU
		{98F0F17B-B5EF-4C3F-9A58-9C10F5079264}.Release|Any CPU.Build.0 = Release|Any CPU
		{80D0144F-0B3E-413D-A5FE-7EB849513C9F}.Debug|Any CPU.ActiveCfg = Debug|Any CPU
		{80D0144F-0B3E-413D-A5FE-7EB849513C9F}.Debug|Any CPU.Build.0 = Debug|Any CPU
		{80D0144F-0B3E-413D-A5FE-7EB849513C9F}.Release|Any CPU.ActiveCfg = Release|Any CPU
		{80D0144F-0B3E-413D-A5FE-7EB849513C9F}.Release|Any CPU.Build.0 = Release|Any CPU
		{5A142170-1C8E-486C-8E18-C0C64ACF5A2D}.Debug|Any CPU.ActiveCfg = Debug|Any CPU
		{5A142170-1C8E-486C-8E18-C0C64ACF5A2D}.Debug|Any CPU.Build.0 = Debug|Any CPU
		{5A142170-1C8E-486C-8E18-C0C64ACF5A2D}.Release|Any CPU.ActiveCfg = Release|Any CPU
		{5A142170-1C8E-486C-8E18-C0C64ACF5A2D}.Release|Any CPU.Build.0 = Release|Any CPU
		{82BC39CE-0F9A-4262-9E8E-09B8A0F88858}.Debug|Any CPU.ActiveCfg = Debug|Any CPU
		{82BC39CE-0F9A-4262-9E8E-09B8A0F88858}.Debug|Any CPU.Build.0 = Debug|Any CPU
		{82BC39CE-0F9A-4262-9E8E-09B8A0F88858}.Release|Any CPU.ActiveCfg = Release|Any CPU
		{82BC39CE-0F9A-4262-9E8E-09B8A0F88858}.Release|Any CPU.Build.0 = Release|Any CPU
		{5C2D93DE-2782-472A-9A27-2D4375E2EAAD}.Debug|Any CPU.ActiveCfg = Debug|Any CPU
		{5C2D93DE-2782-472A-9A27-2D4375E2EAAD}.Debug|Any CPU.Build.0 = Debug|Any CPU
		{5C2D93DE-2782-472A-9A27-2D4375E2EAAD}.Release|Any CPU.ActiveCfg = Release|Any CPU
		{5C2D93DE-2782-472A-9A27-2D4375E2EAAD}.Release|Any CPU.Build.0 = Release|Any CPU
		{51B1822E-9910-4364-B8D0-79285245A21B}.Debug|Any CPU.ActiveCfg = Debug|Any CPU
		{51B1822E-9910-4364-B8D0-79285245A21B}.Debug|Any CPU.Build.0 = Debug|Any CPU
		{51B1822E-9910-4364-B8D0-79285245A21B}.Release|Any CPU.ActiveCfg = Release|Any CPU
		{51B1822E-9910-4364-B8D0-79285245A21B}.Release|Any CPU.Build.0 = Release|Any CPU
		{EF909AED-7F0C-432D-8C10-48AC516ED1F9}.Debug|Any CPU.ActiveCfg = Debug|Any CPU
		{EF909AED-7F0C-432D-8C10-48AC516ED1F9}.Debug|Any CPU.Build.0 = Debug|Any CPU
		{EF909AED-7F0C-432D-8C10-48AC516ED1F9}.Release|Any CPU.ActiveCfg = Release|Any CPU
		{EF909AED-7F0C-432D-8C10-48AC516ED1F9}.Release|Any CPU.Build.0 = Release|Any CPU
		{C42A314B-A5CB-4ABC-A752-1836D1345E9C}.Debug|Any CPU.ActiveCfg = Debug|Any CPU
		{C42A314B-A5CB-4ABC-A752-1836D1345E9C}.Debug|Any CPU.Build.0 = Debug|Any CPU
		{C42A314B-A5CB-4ABC-A752-1836D1345E9C}.Release|Any CPU.ActiveCfg = Release|Any CPU
		{C42A314B-A5CB-4ABC-A752-1836D1345E9C}.Release|Any CPU.Build.0 = Release|Any CPU
		{6D29C374-2922-4E95-B81E-A4E194DEB9FB}.Debug|Any CPU.ActiveCfg = Debug|Any CPU
		{6D29C374-2922-4E95-B81E-A4E194DEB9FB}.Debug|Any CPU.Build.0 = Debug|Any CPU
		{6D29C374-2922-4E95-B81E-A4E194DEB9FB}.Release|Any CPU.ActiveCfg = Release|Any CPU
		{6D29C374-2922-4E95-B81E-A4E194DEB9FB}.Release|Any CPU.Build.0 = Release|Any CPU
		{43EC18BD-1702-44EB-8CAF-89D51AAC31DD}.Debug|Any CPU.ActiveCfg = Debug|Any CPU
		{43EC18BD-1702-44EB-8CAF-89D51AAC31DD}.Debug|Any CPU.Build.0 = Debug|Any CPU
		{43EC18BD-1702-44EB-8CAF-89D51AAC31DD}.Release|Any CPU.ActiveCfg = Release|Any CPU
		{43EC18BD-1702-44EB-8CAF-89D51AAC31DD}.Release|Any CPU.Build.0 = Release|Any CPU
	EndGlobalSection
	GlobalSection(SolutionProperties) = preSolution
		HideSolutionNode = FALSE
	EndGlobalSection
	GlobalSection(NestedProjects) = preSolution
		{6801D81E-683C-450F-8EB8-00F216A419ED} = {E7AE6334-8F96-4FD7-B7CE-DEE954AA4445}
		{50877E96-277B-45C8-8FEF-EC8AE95ED2D7} = {E7AE6334-8F96-4FD7-B7CE-DEE954AA4445}
		{9AAF521F-06D4-4E93-8C64-C4872FDC4BD9} = {E7AE6334-8F96-4FD7-B7CE-DEE954AA4445}
		{42D637FA-6868-48BC-8101-814DAFFFED69} = {E7AE6334-8F96-4FD7-B7CE-DEE954AA4445}
		{B47246E7-516D-4F9A-9BEA-C6C375896149} = {E7AE6334-8F96-4FD7-B7CE-DEE954AA4445}
		{81C741D7-2931-4AC6-BD94-38D8E214258B} = {E7AE6334-8F96-4FD7-B7CE-DEE954AA4445}
		{60177E3D-1970-40A2-8779-28F246F51955} = {E7AE6334-8F96-4FD7-B7CE-DEE954AA4445}
		{296B43F1-D12D-4D39-8A06-F6929B68D6F3} = {E7AE6334-8F96-4FD7-B7CE-DEE954AA4445}
		{5A142170-1C8E-486C-8E18-C0C64ACF5A2D} = {E7AE6334-8F96-4FD7-B7CE-DEE954AA4445}
		{82BC39CE-0F9A-4262-9E8E-09B8A0F88858} = {E3C81D24-CEF0-432E-908B-E1E4ABCDAB20}
		{C42A314B-A5CB-4ABC-A752-1836D1345E9C} = {E7AE6334-8F96-4FD7-B7CE-DEE954AA4445}
		{6D29C374-2922-4E95-B81E-A4E194DEB9FB} = {E3C81D24-CEF0-432E-908B-E1E4ABCDAB20}
		{43EC18BD-1702-44EB-8CAF-89D51AAC31DD} = {E5CBE171-375A-4F49-B337-D5528A1D9672}
	EndGlobalSection
	GlobalSection(ExtensibilityGlobals) = postSolution
		SolutionGuid = {39DB9995-0257-4C02-B0C5-886C29AD5F7B}
	EndGlobalSection
EndGlobal
