
Microsoft Visual Studio Solution File, Format Version 12.00
# Visual Studio Version 16
VisualStudioVersion = 16.0.29009.5
MinimumVisualStudioVersion = 10.0.40219.1
Project("{9A19103F-16F7-4668-BE54-9A1E7A4F7556}") = "Centaurus.Alpha", "Centaurus.Alpha\Centaurus.Alpha.csproj", "{8ACC4467-F08C-4B38-A668-FB90D5344642}"
EndProject
Project("{9A19103F-16F7-4668-BE54-9A1E7A4F7556}") = "Centaurus.Common", "Centaurus.Common\Centaurus.Common.csproj", "{BDDF1A41-B1E9-469E-9A13-AE875E9A9173}"
EndProject
Project("{9A19103F-16F7-4668-BE54-9A1E7A4F7556}") = "Centaurus.Domain", "Centaurus.Domain\Centaurus.Domain.csproj", "{FA8313A7-FD9B-463B-AE08-3D5AB58ECF6F}"
EndProject
Project("{9A19103F-16F7-4668-BE54-9A1E7A4F7556}") = "Centaurus.Models", "Centaurus.Models\Centaurus.Models.csproj", "{3C07AC88-D96F-4254-8022-62FA7150C34C}"
EndProject
Project("{9A19103F-16F7-4668-BE54-9A1E7A4F7556}") = "Centaurus.Models.Serialization", "Centaurus.Models.Serialization\Centaurus.Models.Serialization.csproj", "{9AF23C74-1139-4C88-AB93-40E948A1BE88}"
EndProject
Global
	GlobalSection(SolutionConfigurationPlatforms) = preSolution
		Debug|Any CPU = Debug|Any CPU
		Release|Any CPU = Release|Any CPU
	EndGlobalSection
	GlobalSection(ProjectConfigurationPlatforms) = postSolution
		{8ACC4467-F08C-4B38-A668-FB90D5344642}.Debug|Any CPU.ActiveCfg = Debug|Any CPU
		{8ACC4467-F08C-4B38-A668-FB90D5344642}.Debug|Any CPU.Build.0 = Debug|Any CPU
		{8ACC4467-F08C-4B38-A668-FB90D5344642}.Release|Any CPU.ActiveCfg = Release|Any CPU
		{8ACC4467-F08C-4B38-A668-FB90D5344642}.Release|Any CPU.Build.0 = Release|Any CPU
		{BDDF1A41-B1E9-469E-9A13-AE875E9A9173}.Debug|Any CPU.ActiveCfg = Debug|Any CPU
		{BDDF1A41-B1E9-469E-9A13-AE875E9A9173}.Debug|Any CPU.Build.0 = Debug|Any CPU
		{BDDF1A41-B1E9-469E-9A13-AE875E9A9173}.Release|Any CPU.ActiveCfg = Release|Any CPU
		{BDDF1A41-B1E9-469E-9A13-AE875E9A9173}.Release|Any CPU.Build.0 = Release|Any CPU
		{FA8313A7-FD9B-463B-AE08-3D5AB58ECF6F}.Debug|Any CPU.ActiveCfg = Debug|Any CPU
		{FA8313A7-FD9B-463B-AE08-3D5AB58ECF6F}.Debug|Any CPU.Build.0 = Debug|Any CPU
		{FA8313A7-FD9B-463B-AE08-3D5AB58ECF6F}.Release|Any CPU.ActiveCfg = Release|Any CPU
		{FA8313A7-FD9B-463B-AE08-3D5AB58ECF6F}.Release|Any CPU.Build.0 = Release|Any CPU
		{3C07AC88-D96F-4254-8022-62FA7150C34C}.Debug|Any CPU.ActiveCfg = Debug|Any CPU
		{3C07AC88-D96F-4254-8022-62FA7150C34C}.Debug|Any CPU.Build.0 = Debug|Any CPU
		{3C07AC88-D96F-4254-8022-62FA7150C34C}.Release|Any CPU.ActiveCfg = Release|Any CPU
		{3C07AC88-D96F-4254-8022-62FA7150C34C}.Release|Any CPU.Build.0 = Release|Any CPU
		{9AF23C74-1139-4C88-AB93-40E948A1BE88}.Debug|Any CPU.ActiveCfg = Debug|Any CPU
		{9AF23C74-1139-4C88-AB93-40E948A1BE88}.Debug|Any CPU.Build.0 = Debug|Any CPU
		{9AF23C74-1139-4C88-AB93-40E948A1BE88}.Release|Any CPU.ActiveCfg = Release|Any CPU
		{9AF23C74-1139-4C88-AB93-40E948A1BE88}.Release|Any CPU.Build.0 = Release|Any CPU
	EndGlobalSection
	GlobalSection(SolutionProperties) = preSolution
		HideSolutionNode = FALSE
	EndGlobalSection
	GlobalSection(ExtensibilityGlobals) = postSolution
		SolutionGuid = {CDA8803A-31E7-4B61-A3CA-CB362C8732F1}
	EndGlobalSection
EndGlobal
